// !$*UTF8*$!
{
	archiveVersion = 1;
	classes = {
	};
	objectVersion = 50;
	objects = {

/* Begin PBXBuildFile section */
		1657ABCB2488678B00F32506 /* AppDelegate.swift in Sources */ = {isa = PBXBuildFile; fileRef = 1657ABCA2488678B00F32506 /* AppDelegate.swift */; };
		1657ABCD2488678B00F32506 /* SceneDelegate.swift in Sources */ = {isa = PBXBuildFile; fileRef = 1657ABCC2488678B00F32506 /* SceneDelegate.swift */; };
		1657ABCF2488678B00F32506 /* ViewController.swift in Sources */ = {isa = PBXBuildFile; fileRef = 1657ABCE2488678B00F32506 /* ViewController.swift */; };
		1657ABD22488678B00F32506 /* Main.storyboard in Resources */ = {isa = PBXBuildFile; fileRef = 1657ABD02488678B00F32506 /* Main.storyboard */; };
		1657ABD42488678E00F32506 /* Assets.xcassets in Resources */ = {isa = PBXBuildFile; fileRef = 1657ABD32488678E00F32506 /* Assets.xcassets */; };
		1657ABD72488678E00F32506 /* LaunchScreen.storyboard in Resources */ = {isa = PBXBuildFile; fileRef = 1657ABD52488678E00F32506 /* LaunchScreen.storyboard */; };
/* End PBXBuildFile section */

/* Begin PBXFileReference section */
		1657ABC72488678B00F32506 /* Re-OtoCab.app */ = {isa = PBXFileReference; explicitFileType = wrapper.application; includeInIndex = 0; path = "Re-OtoCab.app"; sourceTree = BUILT_PRODUCTS_DIR; };
		1657ABCA2488678B00F32506 /* AppDelegate.swift */ = {isa = PBXFileReference; lastKnownFileType = sourcecode.swift; path = AppDelegate.swift; sourceTree = "<group>"; };
		1657ABCC2488678B00F32506 /* SceneDelegate.swift */ = {isa = PBXFileReference; lastKnownFileType = sourcecode.swift; path = SceneDelegate.swift; sourceTree = "<group>"; };
		1657ABCE2488678B00F32506 /* ViewController.swift */ = {isa = PBXFileReference; lastKnownFileType = sourcecode.swift; path = ViewController.swift; sourceTree = "<group>"; };
		1657ABD12488678B00F32506 /* Base */ = {isa = PBXFileReference; lastKnownFileType = file.storyboard; name = Base; path = Base.lproj/Main.storyboard; sourceTree = "<group>"; };
		1657ABD32488678E00F32506 /* Assets.xcassets */ = {isa = PBXFileReference; lastKnownFileType = folder.assetcatalog; path = Assets.xcassets; sourceTree = "<group>"; };
		1657ABD62488678E00F32506 /* Base */ = {isa = PBXFileReference; lastKnownFileType = file.storyboard; name = Base; path = Base.lproj/LaunchScreen.storyboard; sourceTree = "<group>"; };
		1657ABD82488678E00F32506 /* Info.plist */ = {isa = PBXFileReference; lastKnownFileType = text.plist.xml; path = Info.plist; sourceTree = "<group>"; };
/* End PBXFileReference section */

/* Begin PBXFrameworksBuildPhase section */
		1657ABC42488678B00F32506 /* Frameworks */ = {
			isa = PBXFrameworksBuildPhase;
			buildActionMask = 2147483647;
			files = (
			);
			runOnlyForDeploymentPostprocessing = 0;
		};
/* End PBXFrameworksBuildPhase section */

/* Begin PBXGroup section */
		1657ABBE2488678B00F32506 = {
			isa = PBXGroup;
			children = (
				1657ABC92488678B00F32506 /* Re-OtoCab */,
				1657ABC82488678B00F32506 /* Products */,
			);
			sourceTree = "<group>";
		};
		1657ABC82488678B00F32506 /* Products */ = {
			isa = PBXGroup;
			children = (
				1657ABC72488678B00F32506 /* Re-OtoCab.app */,
			);
			name = Products;
			sourceTree = "<group>";
		};
		1657ABC92488678B00F32506 /* Re-OtoCab */ = {
			isa = PBXGroup;
			children = (
				1657ABCA2488678B00F32506 /* AppDelegate.swift */,
				1657ABCC2488678B00F32506 /* SceneDelegate.swift */,
				1657ABCE2488678B00F32506 /* ViewController.swift */,
				1657ABD02488678B00F32506 /* Main.storyboard */,
				1657ABD32488678E00F32506 /* Assets.xcassets */,
				1657ABD52488678E00F32506 /* LaunchScreen.storyboard */,
				1657ABD82488678E00F32506 /* Info.plist */,
			);
			path = "Re-OtoCab";
			sourceTree = "<group>";
		};
/* End PBXGroup section */

/* Begin PBXNativeTarget section */
		1657ABC62488678B00F32506 /* Re-OtoCab */ = {
			isa = PBXNativeTarget;
			buildConfigurationList = 1657ABDB2488678E00F32506 /* Build configuration list for PBXNativeTarget "Re-OtoCab" */;
			buildPhases = (
				1657ABC32488678B00F32506 /* Sources */,
				1657ABC42488678B00F32506 /* Frameworks */,
				1657ABC52488678B00F32506 /* Resources */,
			);
			buildRules = (
			);
			dependencies = (
			);
			name = "Re-OtoCab";
			productName = "Re-OtoCab";
			productReference = 1657ABC72488678B00F32506 /* Re-OtoCab.app */;
			productType = "com.apple.product-type.application";
		};
/* End PBXNativeTarget section */

/* Begin PBXProject section */
		1657ABBF2488678B00F32506 /* Project object */ = {
			isa = PBXProject;
			attributes = {
				LastSwiftUpdateCheck = 1130;
				LastUpgradeCheck = 1130;
				ORGANIZATIONNAME = "Sayed Abdo";
				TargetAttributes = {
					1657ABC62488678B00F32506 = {
						CreatedOnToolsVersion = 11.3.1;
					};
				};
			};
			buildConfigurationList = 1657ABC22488678B00F32506 /* Build configuration list for PBXProject "Re-OtoCab" */;
			compatibilityVersion = "Xcode 9.3";
			developmentRegion = en;
			hasScannedForEncodings = 0;
			knownRegions = (
				en,
				Base,
			);
			mainGroup = 1657ABBE2488678B00F32506;
			productRefGroup = 1657ABC82488678B00F32506 /* Products */;
			projectDirPath = "";
			projectRoot = "";
			targets = (
				1657ABC62488678B00F32506 /* Re-OtoCab */,
			);
		};
/* End PBXProject section */

/* Begin PBXResourcesBuildPhase section */
		1657ABC52488678B00F32506 /* Resources */ = {
			isa = PBXResourcesBuildPhase;
			buildActionMask = 2147483647;
			files = (
				1657ABD72488678E00F32506 /* LaunchScreen.storyboard in Resources */,
				1657ABD42488678E00F32506 /* Assets.xcassets in Resources */,
				1657ABD22488678B00F32506 /* Main.storyboard in Resources */,
			);
			runOnlyForDeploymentPostprocessing = 0;
		};
/* End PBXResourcesBuildPhase section */

/* Begin PBXSourcesBuildPhase section */
		1657ABC32488678B00F32506 /* Sources */ = {
			isa = PBXSourcesBuildPhase;
			buildActionMask = 2147483647;
			files = (
				1657ABCF2488678B00F32506 /* ViewController.swift in Sources */,
				1657ABCB2488678B00F32506 /* AppDelegate.swift in Sources */,
				1657ABCD2488678B00F32506 /* SceneDelegate.swift in Sources */,
			);
			runOnlyForDeploymentPostprocessing = 0;
		};
/* End PBXSourcesBuildPhase section */

/* Begin PBXVariantGroup section */
		1657ABD02488678B00F32506 /* Main.storyboard */ = {
			isa = PBXVariantGroup;
			children = (
				1657ABD12488678B00F32506 /* Base */,
			);
			name = Main.storyboard;
			sourceTree = "<group>";
		};
		1657ABD52488678E00F32506 /* LaunchScreen.storyboard */ = {
			isa = PBXVariantGroup;
			children = (
				1657ABD62488678E00F32506 /* Base */,
			);
			name = LaunchScreen.storyboard;
			sourceTree = "<group>";
		};
/* End PBXVariantGroup section */

/* Begin XCBuildConfiguration section */
		1657ABD92488678E00F32506 /* Debug */ = {
			isa = XCBuildConfiguration;
			buildSettings = {
				ALWAYS_SEARCH_USER_PATHS = NO;
				CLANG_ANALYZER_NONNULL = YES;
				CLANG_ANALYZER_NUMBER_OBJECT_CONVERSION = YES_AGGRESSIVE;
				CLANG_CXX_LANGUAGE_STANDARD = "gnu++14";
				CLANG_CXX_LIBRARY = "libc++";
				CLANG_ENABLE_MODULES = YES;
				CLANG_ENABLE_OBJC_ARC = YES;
				CLANG_ENABLE_OBJC_WEAK = YES;
				CLANG_WARN_BLOCK_CAPTURE_AUTORELEASING = YES;
				CLANG_WARN_BOOL_CONVERSION = YES;
				CLANG_WARN_COMMA = YES;
				CLANG_WARN_CONSTANT_CONVERSION = YES;
				CLANG_WARN_DEPRECATED_OBJC_IMPLEMENTATIONS = YES;
				CLANG_WARN_DIRECT_OBJC_ISA_USAGE = YES_ERROR;
				CLANG_WARN_DOCUMENTATION_COMMENTS = YES;
				CLANG_WARN_EMPTY_BODY = YES;
				CLANG_WARN_ENUM_CONVERSION = YES;
				CLANG_WARN_INFINITE_RECURSION = YES;
				CLANG_WARN_INT_CONVERSION = YES;
				CLANG_WARN_NON_LITERAL_NULL_CONVERSION = YES;
				CLANG_WARN_OBJC_IMPLICIT_RETAIN_SELF = YES;
				CLANG_WARN_OBJC_LITERAL_CONVERSION = YES;
				CLANG_WARN_OBJC_ROOT_CLASS = YES_ERROR;
				CLANG_WARN_RANGE_LOOP_ANALYSIS = YES;
				CLANG_WARN_STRICT_PROTOTYPES = YES;
				CLANG_WARN_SUSPICIOUS_MOVE = YES;
				CLANG_WARN_UNGUARDED_AVAILABILITY = YES_AGGRESSIVE;
				CLANG_WARN_UNREACHABLE_CODE = YES;
				CLANG_WARN__DUPLICATE_METHOD_MATCH = YES;
				COPY_PHASE_STRIP = NO;
				DEBUG_INFORMATION_FORMAT = dwarf;
				ENABLE_STRICT_OBJC_MSGSEND = YES;
				ENABLE_TESTABILITY = YES;
				GCC_C_LANGUAGE_STANDARD = gnu11;
				GCC_DYNAMIC_NO_PIC = NO;
				GCC_NO_COMMON_BLOCKS = YES;
				GCC_OPTIMIZATION_LEVEL = 0;
				GCC_PREPROCESSOR_DEFINITIONS = (
					"DEBUG=1",
					"$(inherited)",
				);
				GCC_WARN_64_TO_32_BIT_CONVERSION = YES;
				GCC_WARN_ABOUT_RETURN_TYPE = YES_ERROR;
				GCC_WARN_UNDECLARED_SELECTOR = YES;
				GCC_WARN_UNINITIALIZED_AUTOS = YES_AGGRESSIVE;
				GCC_WARN_UNUSED_FUNCTION = YES;
				GCC_WARN_UNUSED_VARIABLE = YES;
				IPHONEOS_DEPLOYMENT_TARGET = 13.2;
				MTL_ENABLE_DEBUG_INFO = INCLUDE_SOURCE;
				MTL_FAST_MATH = YES;
				ONLY_ACTIVE_ARCH = YES;
				SDKROOT = iphoneos;
				SWIFT_ACTIVE_COMPILATION_CONDITIONS = DEBUG;
				SWIFT_OPTIMIZATION_LEVEL = "-Onone";
			};
			name = Debug;
		};
		1657ABDA2488678E00F32506 /* Release */ = {
			isa = XCBuildConfiguration;
			buildSettings = {
				ALWAYS_SEARCH_USER_PATHS = NO;
				CLANG_ANALYZER_NONNULL = YES;
				CLANG_ANALYZER_NUMBER_OBJECT_CONVERSION = YES_AGGRESSIVE;
				CLANG_CXX_LANGUAGE_STANDARD = "gnu++14";
				CLANG_CXX_LIBRARY = "libc++";
				CLANG_ENABLE_MODULES = YES;
				CLANG_ENABLE_OBJC_ARC = YES;
				CLANG_ENABLE_OBJC_WEAK = YES;
				CLANG_WARN_BLOCK_CAPTURE_AUTORELEASING = YES;
				CLANG_WARN_BOOL_CONVERSION = YES;
				CLANG_WARN_COMMA = YES;
				CLANG_WARN_CONSTANT_CONVERSION = YES;
				CLANG_WARN_DEPRECATED_OBJC_IMPLEMENTATIONS = YES;
				CLANG_WARN_DIRECT_OBJC_ISA_USAGE = YES_ERROR;
				CLANG_WARN_DOCUMENTATION_COMMENTS = YES;
				CLANG_WARN_EMPTY_BODY = YES;
				CLANG_WARN_ENUM_CONVERSION = YES;
				CLANG_WARN_INFINITE_RECURSION = YES;
				CLANG_WARN_INT_CONVERSION = YES;
				CLANG_WARN_NON_LITERAL_NULL_CONVERSION = YES;
				CLANG_WARN_OBJC_IMPLICIT_RETAIN_SELF = YES;
				CLANG_WARN_OBJC_LITERAL_CONVERSION = YES;
				CLANG_WARN_OBJC_ROOT_CLASS = YES_ERROR;
				CLANG_WARN_RANGE_LOOP_ANALYSIS = YES;
				CLANG_WARN_STRICT_PROTOTYPES = YES;
				CLANG_WARN_SUSPICIOUS_MOVE = YES;
				CLANG_WARN_UNGUARDED_AVAILABILITY = YES_AGGRESSIVE;
				CLANG_WARN_UNREACHABLE_CODE = YES;
				CLANG_WARN__DUPLICATE_METHOD_MATCH = YES;
				COPY_PHASE_STRIP = NO;
				DEBUG_INFORMATION_FORMAT = "dwarf-with-dsym";
				ENABLE_NS_ASSERTIONS = NO;
				ENABLE_STRICT_OBJC_MSGSEND = YES;
				GCC_C_LANGUAGE_STANDARD = gnu11;
				GCC_NO_COMMON_BLOCKS = YES;
				GCC_WARN_64_TO_32_BIT_CONVERSION = YES;
				GCC_WARN_ABOUT_RETURN_TYPE = YES_ERROR;
				GCC_WARN_UNDECLARED_SELECTOR = YES;
				GCC_WARN_UNINITIALIZED_AUTOS = YES_AGGRESSIVE;
				GCC_WARN_UNUSED_FUNCTION = YES;
				GCC_WARN_UNUSED_VARIABLE = YES;
				IPHONEOS_DEPLOYMENT_TARGET = 13.2;
				MTL_ENABLE_DEBUG_INFO = NO;
				MTL_FAST_MATH = YES;
				SDKROOT = iphoneos;
				SWIFT_COMPILATION_MODE = wholemodule;
				SWIFT_OPTIMIZATION_LEVEL = "-O";
				VALIDATE_PRODUCT = YES;
			};
			name = Release;
		};
		1657ABDC2488678E00F32506 /* Debug */ = {
			isa = XCBuildConfiguration;
			buildSettings = {
				ASSETCATALOG_COMPILER_APPICON_NAME = AppIcon;
				CODE_SIGN_STYLE = Automatic;
				DEVELOPMENT_TEAM = 9485R43S33;
				INFOPLIST_FILE = "Re-OtoCab/Info.plist";
				LD_RUNPATH_SEARCH_PATHS = (
					"$(inherited)",
					"@executable_path/Frameworks",
				);
				PRODUCT_BUNDLE_IDENTIFIER = "OtoCab.Re-OtoCab";
				PRODUCT_NAME = "$(TARGET_NAME)";
				SWIFT_VERSION = 5.0;
				TARGETED_DEVICE_FAMILY = "1,2";
			};
			name = Debug;
		};
		1657ABDD2488678E00F32506 /* Release */ = {
			isa = XCBuildConfiguration;
			buildSettings = {
				ASSETCATALOG_COMPILER_APPICON_NAME = AppIcon;
				CODE_SIGN_STYLE = Automatic;
				DEVELOPMENT_TEAM = 9485R43S33;
				INFOPLIST_FILE = "Re-OtoCab/Info.plist";
				LD_RUNPATH_SEARCH_PATHS = (
					"$(inherited)",
					"@executable_path/Frameworks",
				);
				PRODUCT_BUNDLE_IDENTIFIER = "OtoCab.Re-OtoCab";
				PRODUCT_NAME = "$(TARGET_NAME)";
				SWIFT_VERSION = 5.0;
				TARGETED_DEVICE_FAMILY = "1,2";
			};
			name = Release;
		};
/* End XCBuildConfiguration section */

/* Begin XCConfigurationList section */
		1657ABC22488678B00F32506 /* Build configuration list for PBXProject "Re-OtoCab" */ = {
			isa = XCConfigurationList;
			buildConfigurations = (
				1657ABD92488678E00F32506 /* Debug */,
				1657ABDA2488678E00F32506 /* Release */,
			);
			defaultConfigurationIsVisible = 0;
			defaultConfigurationName = Release;
		};
		1657ABDB2488678E00F32506 /* Build configuration list for PBXNativeTarget "Re-OtoCab" */ = {
			isa = XCConfigurationList;
			buildConfigurations = (
				1657ABDC2488678E00F32506 /* Debug */,
				1657ABDD2488678E00F32506 /* Release */,
			);
			defaultConfigurationIsVisible = 0;
			defaultConfigurationName = Release;
		};
/* End XCConfigurationList section */
	};
	rootObject = 1657ABBF2488678B00F32506 /* Project object */;
}
